Microsoft Visual Studio Solution File, Format Version 12.00
# Visual Studio Version 17
VisualStudioVersion = 17.5.2.0
MinimumVisualStudioVersion = 10.0.40219.1
Project("{FAE04EC0-301F-11D3-BF4B-00C04F79EFBC}") = "BlogLucas", "BlogLucas\BlogLucas.csproj", "{715995AB-5E9D-25CD-2968-2DD7A91C58AE}"
EndProject
Global
	GlobalSection(SolutionConfigurationPlatforms) = preSolution
		Debug|Any CPU = Debug|Any CPU
		Release|Any CPU = Release|Any CPU
	EndGlobalSection
	GlobalSection(ProjectConfigurationPlatforms) = postSolution
		{715995AB-5E9D-25CD-2968-2DD7A91C58AE}.Debug|Any CPU.ActiveCfg = Debug|Any CPU
		{715995AB-5E9D-25CD-2968-2DD7A91C58AE}.Debug|Any CPU.Build.0 = Debug|Any CPU
		{715995AB-5E9D-25CD-2968-2DD7A91C58AE}.Release|Any CPU.ActiveCfg = Release|Any CPU
		{715995AB-5E9D-25CD-2968-2DD7A91C58AE}.Release|Any CPU.Build.0 = Release|Any CPU
	EndGlobalSection
	GlobalSection(SolutionProperties) = preSolution
		HideSolutionNode = FALSE
	EndGlobalSection
	GlobalSection(ExtensibilityGlobals) = postSolution
		SolutionGuid = {5410C438-52FB-43D9-97DD-C6C11EEA6C90}
	EndGlobalSection
EndGlobal
